
Microsoft Visual Studio Solution File, Format Version 12.00
# Visual Studio Version 17
VisualStudioVersion = 17.7.34003.232
MinimumVisualStudioVersion = 10.0.40219.1
Project("{FAE04EC0-301F-11D3-BF4B-00C04F79EFBC}") = "ccwc", "ccwc.csproj", "{E5EE5CD2-A5D0-4627-A020-B0F9DF11E284}"
EndProject
Global
	GlobalSection(SolutionConfigurationPlatforms) = preSolution
		Debug|Any CPU = Debug|Any CPU
		Release|Any CPU = Release|Any CPU
	EndGlobalSection
	GlobalSection(ProjectConfigurationPlatforms) = postSolution
		{E5EE5CD2-A5D0-4627-A020-B0F9DF11E284}.Debug|Any CPU.ActiveCfg = Debug|Any CPU
		{E5EE5CD2-A5D0-4627-A020-B0F9DF11E284}.Debug|Any CPU.Build.0 = Debug|Any CPU
		{E5EE5CD2-A5D0-4627-A020-B0F9DF11E284}.Release|Any CPU.ActiveCfg = Release|Any CPU
		{E5EE5CD2-A5D0-4627-A020-B0F9DF11E284}.Release|Any CPU.Build.0 = Release|Any CPU
	EndGlobalSection
	GlobalSection(SolutionProperties) = preSolution
		HideSolutionNode = FALSE
	EndGlobalSection
	GlobalSection(ExtensibilityGlobals) = postSolution
		SolutionGuid = {97AD3656-50CF-4B20-8A84-A0C70AB2DF9E}
	EndGlobalSection
EndGlobal
